
Microsoft Visual Studio Solution File, Format Version 12.00
# Visual Studio Version 17
VisualStudioVersion = 17.3.32922.545
MinimumVisualStudioVersion = 10.0.40219.1
Project("{9A19103F-16F7-4668-BE54-9A1E7A4F7556}") = "ForumsService.API", "src\ForumsService.API\ForumsService.API.csproj", "{F645A6DF-FF1C-49A5-A2ED-47E7E067D1AA}"
EndProject
Project("{E53339B2-1760-4266-BCC7-CA923CBCF16C}") = "docker-compose", "docker-compose.dcproj", "{1F14374C-2F12-4255-896D-AB7FA41E9539}"
EndProject
Project("{FAE04EC0-301F-11D3-BF4B-00C04F79EFBC}") = "ForumsService.Domain", "..\ForumsService.Domain\ForumsService.Domain.csproj", "{6D112A09-5BDF-480B-867B-1E1865D7CCCD}"
EndProject
Project("{FAE04EC0-301F-11D3-BF4B-00C04F79EFBC}") = "ForumsService.Infrastructure", "src\ForumsService.Infrastructure\ForumsService.Infrastructure.csproj", "{608C8E4A-68AD-4F43-9955-8826029468BC}"
EndProject
Project("{FAE04EC0-301F-11D3-BF4B-00C04F79EFBC}") = "ForumsService.Application", "src\ForumsService.Application\ForumsService.Application.csproj", "{1BFD05DC-9D37-47BD-98DC-AF2883C4D5C9}"
EndProject
Global
	GlobalSection(SolutionConfigurationPlatforms) = preSolution
		Debug|Any CPU = Debug|Any CPU
		Release|Any CPU = Release|Any CPU
	EndGlobalSection
	GlobalSection(ProjectConfigurationPlatforms) = postSolution
		{F645A6DF-FF1C-49A5-A2ED-47E7E067D1AA}.Debug|Any CPU.ActiveCfg = Debug|Any CPU
		{F645A6DF-FF1C-49A5-A2ED-47E7E067D1AA}.Debug|Any CPU.Build.0 = Debug|Any CPU
		{F645A6DF-FF1C-49A5-A2ED-47E7E067D1AA}.Release|Any CPU.ActiveCfg = Release|Any CPU
		{F645A6DF-FF1C-49A5-A2ED-47E7E067D1AA}.Release|Any CPU.Build.0 = Release|Any CPU
		{1F14374C-2F12-4255-896D-AB7FA41E9539}.Debug|Any CPU.ActiveCfg = Debug|Any CPU
		{1F14374C-2F12-4255-896D-AB7FA41E9539}.Debug|Any CPU.Build.0 = Debug|Any CPU
		{1F14374C-2F12-4255-896D-AB7FA41E9539}.Release|Any CPU.ActiveCfg = Release|Any CPU
		{1F14374C-2F12-4255-896D-AB7FA41E9539}.Release|Any CPU.Build.0 = Release|Any CPU
		{6D112A09-5BDF-480B-867B-1E1865D7CCCD}.Debug|Any CPU.ActiveCfg = Debug|Any CPU
		{6D112A09-5BDF-480B-867B-1E1865D7CCCD}.Debug|Any CPU.Build.0 = Debug|Any CPU
		{6D112A09-5BDF-480B-867B-1E1865D7CCCD}.Release|Any CPU.ActiveCfg = Release|Any CPU
		{6D112A09-5BDF-480B-867B-1E1865D7CCCD}.Release|Any CPU.Build.0 = Release|Any CPU
		{608C8E4A-68AD-4F43-9955-8826029468BC}.Debug|Any CPU.ActiveCfg = Debug|Any CPU
		{608C8E4A-68AD-4F43-9955-8826029468BC}.Debug|Any CPU.Build.0 = Debug|Any CPU
		{608C8E4A-68AD-4F43-9955-8826029468BC}.Release|Any CPU.ActiveCfg = Release|Any CPU
		{608C8E4A-68AD-4F43-9955-8826029468BC}.Release|Any CPU.Build.0 = Release|Any CPU
		{1BFD05DC-9D37-47BD-98DC-AF2883C4D5C9}.Debug|Any CPU.ActiveCfg = Debug|Any CPU
		{1BFD05DC-9D37-47BD-98DC-AF2883C4D5C9}.Debug|Any CPU.Build.0 = Debug|Any CPU
		{1BFD05DC-9D37-47BD-98DC-AF2883C4D5C9}.Release|Any CPU.ActiveCfg = Release|Any CPU
		{1BFD05DC-9D37-47BD-98DC-AF2883C4D5C9}.Release|Any CPU.Build.0 = Release|Any CPU
	EndGlobalSection
	GlobalSection(SolutionProperties) = preSolution
		HideSolutionNode = FALSE
	EndGlobalSection
	GlobalSection(ExtensibilityGlobals) = postSolution
		SolutionGuid = {0E7C1352-C622-4FE0-8B2E-0FE53520252B}
	EndGlobalSection
EndGlobal
